
Microsoft Visual Studio Solution File, Format Version 12.00
# Visual Studio Version 17
VisualStudioVersion = 17.1.32210.238
MinimumVisualStudioVersion = 10.0.40219.1
Project("{FAE04EC0-301F-11D3-BF4B-00C04F79EFBC}") = "ProductReviewManagement", "ProductReviewManagement.csproj", "{4DB144A2-4F29-4E69-8443-784E96BB67EA}"
EndProject
Global
	GlobalSection(SolutionConfigurationPlatforms) = preSolution
		Debug|Any CPU = Debug|Any CPU
		Release|Any CPU = Release|Any CPU
	EndGlobalSection
	GlobalSection(ProjectConfigurationPlatforms) = postSolution
		{4DB144A2-4F29-4E69-8443-784E96BB67EA}.Debug|Any CPU.ActiveCfg = Debug|Any CPU
		{4DB144A2-4F29-4E69-8443-784E96BB67EA}.Debug|Any CPU.Build.0 = Debug|Any CPU
		{4DB144A2-4F29-4E69-8443-784E96BB67EA}.Release|Any CPU.ActiveCfg = Release|Any CPU
		{4DB144A2-4F29-4E69-8443-784E96BB67EA}.Release|Any CPU.Build.0 = Release|Any CPU
	EndGlobalSection
	GlobalSection(SolutionProperties) = preSolution
		HideSolutionNode = FALSE
	EndGlobalSection
	GlobalSection(ExtensibilityGlobals) = postSolution
		SolutionGuid = {DA8F7FDF-CB7C-4451-8C56-EE53997C411E}
	EndGlobalSection
EndGlobal
